
Microsoft Visual Studio Solution File, Format Version 12.00
# Visual Studio Version 17
VisualStudioVersion = 17.0.31903.59
MinimumVisualStudioVersion = 10.0.40219.1
Project("{FAE04EC0-301F-11D3-BF4B-00C04F79EFBC}") = "API", "API\API.csproj", "{B386DECF-5DF4-4D44-89C5-2495F9B775AC}"
EndProject
Project("{FAE04EC0-301F-11D3-BF4B-00C04F79EFBC}") = "Core", "Core\Core.csproj", "{85659E17-B3BB-455B-926E-EE4B14897D72}"
EndProject
Project("{FAE04EC0-301F-11D3-BF4B-00C04F79EFBC}") = "Infrastructure", "Infrastructure\Infrastructure.csproj", "{6E2ECCF5-96AC-453D-8F81-D4658123D59B}"
EndProject
Global
	GlobalSection(SolutionConfigurationPlatforms) = preSolution
		Debug|Any CPU = Debug|Any CPU
		Release|Any CPU = Release|Any CPU
	EndGlobalSection
	GlobalSection(SolutionProperties) = preSolution
		HideSolutionNode = FALSE
	EndGlobalSection
	GlobalSection(ProjectConfigurationPlatforms) = postSolution
		{B386DECF-5DF4-4D44-89C5-2495F9B775AC}.Debug|Any CPU.ActiveCfg = Debug|Any CPU
		{B386DECF-5DF4-4D44-89C5-2495F9B775AC}.Debug|Any CPU.Build.0 = Debug|Any CPU
		{B386DECF-5DF4-4D44-89C5-2495F9B775AC}.Release|Any CPU.ActiveCfg = Release|Any CPU
		{B386DECF-5DF4-4D44-89C5-2495F9B775AC}.Release|Any CPU.Build.0 = Release|Any CPU
		{85659E17-B3BB-455B-926E-EE4B14897D72}.Debug|Any CPU.ActiveCfg = Debug|Any CPU
		{85659E17-B3BB-455B-926E-EE4B14897D72}.Debug|Any CPU.Build.0 = Debug|Any CPU
		{85659E17-B3BB-455B-926E-EE4B14897D72}.Release|Any CPU.ActiveCfg = Release|Any CPU
		{85659E17-B3BB-455B-926E-EE4B14897D72}.Release|Any CPU.Build.0 = Release|Any CPU
		{6E2ECCF5-96AC-453D-8F81-D4658123D59B}.Debug|Any CPU.ActiveCfg = Debug|Any CPU
		{6E2ECCF5-96AC-453D-8F81-D4658123D59B}.Debug|Any CPU.Build.0 = Debug|Any CPU
		{6E2ECCF5-96AC-453D-8F81-D4658123D59B}.Release|Any CPU.ActiveCfg = Release|Any CPU
		{6E2ECCF5-96AC-453D-8F81-D4658123D59B}.Release|Any CPU.Build.0 = Release|Any CPU
	EndGlobalSection
EndGlobal
